
Microsoft Visual Studio Solution File, Format Version 12.00
Project("{2150E333-8FDC-42A3-9474-1A3956D46DE8}") = "src", "src", "{566D82B4-E392-4E0C-B496-D8987A42E247}"
EndProject
Project("{FAE04EC0-301F-11D3-BF4B-00C04F79EFBC}") = "discipline.core", "src\discipline.core\discipline.core.csproj", "{A6FB63EB-589E-4A79-9B38-81AAE91B4A49}"
EndProject
Project("{FAE04EC0-301F-11D3-BF4B-00C04F79EFBC}") = "discipline.ui", "src\discipline.ui\discipline.ui.csproj", "{81A15B6F-D0DB-4A96-B14A-286F0B91BDB7}"
EndProject
Project("{2150E333-8FDC-42A3-9474-1A3956D46DE8}") = "tests", "tests", "{6E8FB89A-CEE5-4A95-87FD-3422075C8ED2}"
EndProject
Global
	GlobalSection(SolutionConfigurationPlatforms) = preSolution
		Debug|Any CPU = Debug|Any CPU
		Release|Any CPU = Release|Any CPU
	EndGlobalSection
	GlobalSection(NestedProjects) = preSolution
		{A6FB63EB-589E-4A79-9B38-81AAE91B4A49} = {566D82B4-E392-4E0C-B496-D8987A42E247}
		{81A15B6F-D0DB-4A96-B14A-286F0B91BDB7} = {566D82B4-E392-4E0C-B496-D8987A42E247}
	EndGlobalSection
	GlobalSection(ProjectConfigurationPlatforms) = postSolution
		{A6FB63EB-589E-4A79-9B38-81AAE91B4A49}.Debug|Any CPU.ActiveCfg = Debug|Any CPU
		{A6FB63EB-589E-4A79-9B38-81AAE91B4A49}.Debug|Any CPU.Build.0 = Debug|Any CPU
		{A6FB63EB-589E-4A79-9B38-81AAE91B4A49}.Release|Any CPU.ActiveCfg = Release|Any CPU
		{A6FB63EB-589E-4A79-9B38-81AAE91B4A49}.Release|Any CPU.Build.0 = Release|Any CPU
		{81A15B6F-D0DB-4A96-B14A-286F0B91BDB7}.Debug|Any CPU.ActiveCfg = Debug|Any CPU
		{81A15B6F-D0DB-4A96-B14A-286F0B91BDB7}.Debug|Any CPU.Build.0 = Debug|Any CPU
		{81A15B6F-D0DB-4A96-B14A-286F0B91BDB7}.Release|Any CPU.ActiveCfg = Release|Any CPU
		{81A15B6F-D0DB-4A96-B14A-286F0B91BDB7}.Release|Any CPU.Build.0 = Release|Any CPU
	EndGlobalSection
EndGlobal
